
Microsoft Visual Studio Solution File, Format Version 12.00
# Visual Studio Version 16
VisualStudioVersion = 16.0.29613.14
MinimumVisualStudioVersion = 10.0.40219.1
Project("{9A19103F-16F7-4668-BE54-9A1E7A4F7556}") = "RXCrud.Api", "RXCrud.Api\RXCrud.Api.csproj", "{66E80FD7-EEF9-4853-9D28-F72DA346B24C}"
EndProject
Project("{9A19103F-16F7-4668-BE54-9A1E7A4F7556}") = "RXCrud.NUnitTest", "RXCrud.NUnitTest\RXCrud.NUnitTest.csproj", "{4DD60B4D-B4D0-4E06-B5D8-AAA3A04A0278}"
EndProject
Project("{9A19103F-16F7-4668-BE54-9A1E7A4F7556}") = "RXCrud.Service", "RXCrud.Service\RXCrud.Service.csproj", "{5DCEE9C8-C6FE-4CF0-A361-A51A0434C9C5}"
EndProject
Project("{9A19103F-16F7-4668-BE54-9A1E7A4F7556}") = "RXCrud.Data", "RXCrud.Repositorie\RXCrud.Data.csproj", "{2FE6A37F-EAA1-4B20-B829-00EB6AD55B0C}"
EndProject
Project("{9A19103F-16F7-4668-BE54-9A1E7A4F7556}") = "RXCrud.Domain", "RXCrud.Domain\RXCrud.Domain.csproj", "{0B7B0E5C-7341-47A8-A7E9-724BFCF003A5}"
EndProject
Project("{2150E333-8FDC-42A3-9474-1A3956D46DE8}") = "1-Presentation", "1-Presentation", "{75A78907-3A66-43A5-834F-D641316D2AFD}"
EndProject
Project("{2150E333-8FDC-42A3-9474-1A3956D46DE8}") = "2-Domain", "2-Domain", "{F19C0747-4728-4A88-99D4-6DECFB8189BF}"
EndProject
Project("{2150E333-8FDC-42A3-9474-1A3956D46DE8}") = "4-Infra", "4-Infra", "{A3E34A75-8765-49F5-81EE-8FA983527479}"
EndProject
Project("{2150E333-8FDC-42A3-9474-1A3956D46DE8}") = "3-Application", "3-Application", "{501ECE09-A3AB-4178-9962-986585034C20}"
EndProject
Project("{2150E333-8FDC-42A3-9474-1A3956D46DE8}") = "5-Test", "5-Test", "{60C22EC5-4E9F-41B6-9B3D-E1C162B2F6F9}"
EndProject
Project("{9A19103F-16F7-4668-BE54-9A1E7A4F7556}") = "RXCrud.CrossCutting", "RXCrud.CrossCutting\RXCrud.CrossCutting.csproj", "{23B31715-AF4F-4E37-9DB6-59BBEFEAB874}"
EndProject
Global
	GlobalSection(SolutionConfigurationPlatforms) = preSolution
		Debug|Any CPU = Debug|Any CPU
		Release|Any CPU = Release|Any CPU
	EndGlobalSection
	GlobalSection(ProjectConfigurationPlatforms) = postSolution
		{66E80FD7-EEF9-4853-9D28-F72DA346B24C}.Debug|Any CPU.ActiveCfg = Debug|Any CPU
		{66E80FD7-EEF9-4853-9D28-F72DA346B24C}.Debug|Any CPU.Build.0 = Debug|Any CPU
		{66E80FD7-EEF9-4853-9D28-F72DA346B24C}.Release|Any CPU.ActiveCfg = Release|Any CPU
		{66E80FD7-EEF9-4853-9D28-F72DA346B24C}.Release|Any CPU.Build.0 = Release|Any CPU
		{4DD60B4D-B4D0-4E06-B5D8-AAA3A04A0278}.Debug|Any CPU.ActiveCfg = Debug|Any CPU
		{4DD60B4D-B4D0-4E06-B5D8-AAA3A04A0278}.Debug|Any CPU.Build.0 = Debug|Any CPU
		{4DD60B4D-B4D0-4E06-B5D8-AAA3A04A0278}.Release|Any CPU.ActiveCfg = Release|Any CPU
		{4DD60B4D-B4D0-4E06-B5D8-AAA3A04A0278}.Release|Any CPU.Build.0 = Release|Any CPU
		{5DCEE9C8-C6FE-4CF0-A361-A51A0434C9C5}.Debug|Any CPU.ActiveCfg = Debug|Any CPU
		{5DCEE9C8-C6FE-4CF0-A361-A51A0434C9C5}.Debug|Any CPU.Build.0 = Debug|Any CPU
		{5DCEE9C8-C6FE-4CF0-A361-A51A0434C9C5}.Release|Any CPU.ActiveCfg = Release|Any CPU
		{5DCEE9C8-C6FE-4CF0-A361-A51A0434C9C5}.Release|Any CPU.Build.0 = Release|Any CPU
		{2FE6A37F-EAA1-4B20-B829-00EB6AD55B0C}.Debug|Any CPU.ActiveCfg = Debug|Any CPU
		{2FE6A37F-EAA1-4B20-B829-00EB6AD55B0C}.Debug|Any CPU.Build.0 = Debug|Any CPU
		{2FE6A37F-EAA1-4B20-B829-00EB6AD55B0C}.Release|Any CPU.ActiveCfg = Release|Any CPU
		{2FE6A37F-EAA1-4B20-B829-00EB6AD55B0C}.Release|Any CPU.Build.0 = Release|Any CPU
		{0B7B0E5C-7341-47A8-A7E9-724BFCF003A5}.Debug|Any CPU.ActiveCfg = Debug|Any CPU
		{0B7B0E5C-7341-47A8-A7E9-724BFCF003A5}.Debug|Any CPU.Build.0 = Debug|Any CPU
		{0B7B0E5C-7341-47A8-A7E9-724BFCF003A5}.Release|Any CPU.ActiveCfg = Release|Any CPU
		{0B7B0E5C-7341-47A8-A7E9-724BFCF003A5}.Release|Any CPU.Build.0 = Release|Any CPU
		{23B31715-AF4F-4E37-9DB6-59BBEFEAB874}.Debug|Any CPU.ActiveCfg = Debug|Any CPU
		{23B31715-AF4F-4E37-9DB6-59BBEFEAB874}.Debug|Any CPU.Build.0 = Debug|Any CPU
		{23B31715-AF4F-4E37-9DB6-59BBEFEAB874}.Release|Any CPU.ActiveCfg = Release|Any CPU
		{23B31715-AF4F-4E37-9DB6-59BBEFEAB874}.Release|Any CPU.Build.0 = Release|Any CPU
	EndGlobalSection
	GlobalSection(SolutionProperties) = preSolution
		HideSolutionNode = FALSE
	EndGlobalSection
	GlobalSection(NestedProjects) = preSolution
		{66E80FD7-EEF9-4853-9D28-F72DA346B24C} = {75A78907-3A66-43A5-834F-D641316D2AFD}
		{4DD60B4D-B4D0-4E06-B5D8-AAA3A04A0278} = {60C22EC5-4E9F-41B6-9B3D-E1C162B2F6F9}
		{5DCEE9C8-C6FE-4CF0-A361-A51A0434C9C5} = {501ECE09-A3AB-4178-9962-986585034C20}
		{2FE6A37F-EAA1-4B20-B829-00EB6AD55B0C} = {A3E34A75-8765-49F5-81EE-8FA983527479}
		{0B7B0E5C-7341-47A8-A7E9-724BFCF003A5} = {F19C0747-4728-4A88-99D4-6DECFB8189BF}
		{23B31715-AF4F-4E37-9DB6-59BBEFEAB874} = {A3E34A75-8765-49F5-81EE-8FA983527479}
	EndGlobalSection
	GlobalSection(ExtensibilityGlobals) = postSolution
		SolutionGuid = {893766FB-9CCC-48A5-AA14-73A422618107}
	EndGlobalSection
EndGlobal
